{
  "requires": true,
  "lockfileVersion": 1,
  "dependencies": {
    "@types/node": {
      "version": "12.7.4",
      "resolved": "https://registry.npmjs.org/@types/node/-/node-12.7.4.tgz",
      "integrity": "sha512-W0+n1Y+gK/8G2P/piTkBBN38Qc5Q1ZSO6B5H3QmPCUewaiXOo2GCAWZ4ElZCcNhjJuBSUSLGFUJnmlCn5+nxOQ==",
      "dev": true
    },
    "github-webhook-handler": {
      "version": "0.7.1",
      "resolved": "https://registry.npm.taobao.org/github-webhook-handler/download/github-webhook-handler-0.7.1.tgz",
      "dependencies": {
        "bl": {
          "version": "https://registry.npm.taobao.org/bl/download/bl-1.1.2.tgz",
          "bundled": true,
          "dependencies": {
            "readable-stream": {
              "version": "https://registry.npm.taobao.org/readable-stream/download/readable-stream-2.0.6.tgz",
              "bundled": true
            }
          }
        },
        "buffer-equal-constant-time": {
          "version": "https://registry.npm.taobao.org/buffer-equal-constant-time/download/buffer-equal-constant-time-1.0.1.tgz",
          "bundled": true
        }
      }
    }
  }
}
